
Microsoft Visual Studio Solution File, Format Version 12.00
# Visual Studio Version 17
VisualStudioVersion = 17.6.33829.357
MinimumVisualStudioVersion = 10.0.40219.1
Project("{FAE04EC0-301F-11D3-BF4B-00C04F79EFBC}") = "SecurityDemo", "SecurityDemo\SecurityDemo.csproj", "{8F30705E-6634-4FF7-ACDB-B58A2353EA3D}"
EndProject
Global
	GlobalSection(SolutionConfigurationPlatforms) = preSolution
		Debug|Any CPU = Debug|Any CPU
		Release|Any CPU = Release|Any CPU
	EndGlobalSection
	GlobalSection(ProjectConfigurationPlatforms) = postSolution
		{8F30705E-6634-4FF7-ACDB-B58A2353EA3D}.Debug|Any CPU.ActiveCfg = Debug|Any CPU
		{8F30705E-6634-4FF7-ACDB-B58A2353EA3D}.Debug|Any CPU.Build.0 = Debug|Any CPU
		{8F30705E-6634-4FF7-ACDB-B58A2353EA3D}.Release|Any CPU.ActiveCfg = Release|Any CPU
		{8F30705E-6634-4FF7-ACDB-B58A2353EA3D}.Release|Any CPU.Build.0 = Release|Any CPU
	EndGlobalSection
	GlobalSection(SolutionProperties) = preSolution
		HideSolutionNode = FALSE
	EndGlobalSection
	GlobalSection(ExtensibilityGlobals) = postSolution
		SolutionGuid = {D1E635B0-9C32-44BF-B34D-6617B5D0AFCF}
	EndGlobalSection
EndGlobal
